{
    "_readme": [
        "This file locks the dependencies of your project to a known state",
        "Read more about it at https://getcomposer.org/doc/01-basic-usage.md#composer-lock-the-lock-file",
        "This file is @generated automatically"
    ],
    "hash": "901e1b2c0ead1ebd56edbe3b05f81ad1",
    "content-hash": "869de9edf8a8cc8838b095308dd980ce",
    "packages": [
        {
            "name": "yubico/u2flib-server",
            "version": "1.0.0",
            "source": {
                "type": "git",
                "url": "https://github.com/Yubico/php-u2flib-server.git",
                "reference": "407eb21da24150aad30bcd8cc0ee72963eac5e9d"
            },
            "dist": {
                "type": "zip",
                "url": "https://api.github.com/repos/Yubico/php-u2flib-server/zipball/407eb21da24150aad30bcd8cc0ee72963eac5e9d",
                "reference": "407eb21da24150aad30bcd8cc0ee72963eac5e9d",
                "shasum": ""
            },
            "require": {
                "ext-openssl": "*"
            },
            "type": "library",
            "autoload": {
                "classmap": [
                    "src/"
                ]
            },
            "notification-url": "https://packagist.org/downloads/",
            "license": [
                "BSD-2-Clause"
            ],
            "description": "Library for U2F implementation",
            "homepage": "https://developers.yubico.com/php-u2flib-server",
            "time": "2016-02-19 09:47:51"
        }
    ],
    "packages-dev": [],
    "aliases": [],
    "minimum-stability": "stable",
    "stability-flags": [],
    "prefer-stable": false,
    "prefer-lowest": false,
    "platform": [],
    "platform-dev": []
}
